
Microsoft Visual Studio Solution File, Format Version 12.00
# Visual Studio Version 16
VisualStudioVersion = 16.0.31605.320
MinimumVisualStudioVersion = 10.0.40219.1
Project("{9A19103F-16F7-4668-BE54-9A1E7A4F7556}") = "GrpcService", "GrpcService\GrpcService.csproj", "{1B034D70-BD07-47F2-9837-30FE405835E7}"
EndProject
Project("{9A19103F-16F7-4668-BE54-9A1E7A4F7556}") = "GrpcClient", "GrpcClient\GrpcClient.csproj", "{77CE4ECE-1FF2-4576-8360-DE2A7DA569F7}"
EndProject
Global
	GlobalSection(SolutionConfigurationPlatforms) = preSolution
		Debug|Any CPU = Debug|Any CPU
		Release|Any CPU = Release|Any CPU
	EndGlobalSection
	GlobalSection(ProjectConfigurationPlatforms) = postSolution
		{1B034D70-BD07-47F2-9837-30FE405835E7}.Debug|Any CPU.ActiveCfg = Debug|Any CPU
		{1B034D70-BD07-47F2-9837-30FE405835E7}.Debug|Any CPU.Build.0 = Debug|Any CPU
		{1B034D70-BD07-47F2-9837-30FE405835E7}.Release|Any CPU.ActiveCfg = Release|Any CPU
		{1B034D70-BD07-47F2-9837-30FE405835E7}.Release|Any CPU.Build.0 = Release|Any CPU
		{77CE4ECE-1FF2-4576-8360-DE2A7DA569F7}.Debug|Any CPU.ActiveCfg = Debug|Any CPU
		{77CE4ECE-1FF2-4576-8360-DE2A7DA569F7}.Debug|Any CPU.Build.0 = Debug|Any CPU
		{77CE4ECE-1FF2-4576-8360-DE2A7DA569F7}.Release|Any CPU.ActiveCfg = Release|Any CPU
		{77CE4ECE-1FF2-4576-8360-DE2A7DA569F7}.Release|Any CPU.Build.0 = Release|Any CPU
	EndGlobalSection
	GlobalSection(SolutionProperties) = preSolution
		HideSolutionNode = FALSE
	EndGlobalSection
	GlobalSection(ExtensibilityGlobals) = postSolution
		SolutionGuid = {88A0E82F-379D-426C-BAC9-0F389E029C7B}
	EndGlobalSection
EndGlobal
